
Microsoft Visual Studio Solution File, Format Version 12.00
Project("{FAE04EC0-301F-11D3-BF4B-00C04F79EFBC}") = "KnowBe4", "KnowBe4\KnowBe4.csproj", "{C7254584-8750-42C7-B795-D1030F7B0CCA}"
EndProject
Global
	GlobalSection(SolutionConfigurationPlatforms) = preSolution
		Debug|Any CPU = Debug|Any CPU
		Release|Any CPU = Release|Any CPU
	EndGlobalSection
	GlobalSection(ProjectConfigurationPlatforms) = postSolution
		{C7254584-8750-42C7-B795-D1030F7B0CCA}.Debug|Any CPU.ActiveCfg = Debug|Any CPU
		{C7254584-8750-42C7-B795-D1030F7B0CCA}.Debug|Any CPU.Build.0 = Debug|Any CPU
		{C7254584-8750-42C7-B795-D1030F7B0CCA}.Release|Any CPU.ActiveCfg = Release|Any CPU
		{C7254584-8750-42C7-B795-D1030F7B0CCA}.Release|Any CPU.Build.0 = Release|Any CPU
	EndGlobalSection
EndGlobal
